{
  "nodes": {
    "agenix": {
      "inputs": {
        "darwin": "darwin",
        "home-manager": "home-manager",
        "nixpkgs": [
          "nixpkgs"
        ],
        "systems": "systems"
      },
      "locked": {
        "lastModified": 1745630506,
        "narHash": "sha256-bHCFgGeu8XjWlVuaWzi3QONjDW3coZDqSHvnd4l7xus=",
        "owner": "ryantm",
        "repo": "agenix",
        "rev": "96e078c646b711aee04b82ba01aefbff87004ded",
        "type": "github"
      },
      "original": {
        "owner": "ryantm",
        "repo": "agenix",
        "type": "github"
      }
    },
    "agenix-template": {
      "locked": {
        "lastModified": 1728762971,
        "narHash": "sha256-9aTWaQ9VYECCb+oySlBnxMJaSTQ+hfuB2SuAH1Duc+I=",
        "owner": "jhillyerd",
        "repo": "agenix-template",
        "rev": "77cd55731e15d98edec7b9d47650bdd7f977ba5f",
        "type": "github"
      },
      "original": {
        "owner": "jhillyerd",
        "repo": "agenix-template",
        "type": "github"
      }
    },
    "agenix-template_2": {
      "locked": {
        "lastModified": 1728762971,
        "narHash": "sha256-9aTWaQ9VYECCb+oySlBnxMJaSTQ+hfuB2SuAH1Duc+I=",
        "owner": "jhillyerd",
        "repo": "agenix-template",
        "rev": "77cd55731e15d98edec7b9d47650bdd7f977ba5f",
        "type": "github"
      },
      "original": {
        "owner": "jhillyerd",
        "repo": "agenix-template",
        "type": "github"
      }
    },
    "agenix_2": {
      "inputs": {
        "darwin": "darwin_2",
        "home-manager": "home-manager_2",
        "nixpkgs": [
          "dotfiles",
          "nixpkgs"
        ],
        "systems": "systems_3"
      },
      "locked": {
        "lastModified": 1745630506,
        "narHash": "sha256-bHCFgGeu8XjWlVuaWzi3QONjDW3coZDqSHvnd4l7xus=",
        "owner": "ryantm",
        "repo": "agenix",
        "rev": "96e078c646b711aee04b82ba01aefbff87004ded",
        "type": "github"
      },
      "original": {
        "owner": "ryantm",
        "repo": "agenix",
        "type": "github"
      }
    },
    "blueprint": {
      "inputs": {
        "nixpkgs": [
          "nixpkgs"
        ],
        "systems": "systems_2"
      },
      "locked": {
        "lastModified": 1744632722,
        "narHash": "sha256-0chvqUV1Kzf8BMQ7MsH3CeicJEb2HeCpwliS77FGyfc=",
        "owner": "numtide",
        "repo": "blueprint",
        "rev": "49bbd5d072b577072f4a1d07d4b0621ecce768af",
        "type": "github"
      },
      "original": {
        "owner": "numtide",
        "repo": "blueprint",
        "type": "github"
      }
    },
    "blueprint_2": {
      "inputs": {
        "nixpkgs": [
          "dotfiles",
          "nixpkgs"
        ],
        "systems": "systems_4"
      },
      "locked": {
        "lastModified": 1744632722,
        "narHash": "sha256-0chvqUV1Kzf8BMQ7MsH3CeicJEb2HeCpwliS77FGyfc=",
        "owner": "numtide",
        "repo": "blueprint",
        "rev": "49bbd5d072b577072f4a1d07d4b0621ecce768af",
        "type": "github"
      },
      "original": {
        "owner": "numtide",
        "repo": "blueprint",
        "type": "github"
      }
    },
    "blueprint_3": {
      "inputs": {
        "nixpkgs": [
          "dotfiles",
          "fusuma",
          "nixpkgs"
        ],
        "systems": "systems_5"
      },
      "locked": {
        "lastModified": 1724053269,
        "narHash": "sha256-DinmPyxmUSLjBUYMe3eK0GKykwe33vWbVTmp7++P4Ng=",
        "owner": "numtide",
        "repo": "blueprint",
        "rev": "766302be9063650ca6578e5ba09cc4260b0da29c",
        "type": "github"
      },
      "original": {
        "owner": "numtide",
        "repo": "blueprint",
        "type": "github"
      }
    },
    "blueprint_4": {
      "inputs": {
        "nixpkgs": [
          "dotfiles",
          "fusuma-plugin-appmatcher",
          "nixpkgs"
        ],
        "systems": "systems_6"
      },
      "locked": {
        "lastModified": 1724053269,
        "narHash": "sha256-DinmPyxmUSLjBUYMe3eK0GKykwe33vWbVTmp7++P4Ng=",
        "owner": "numtide",
        "repo": "blueprint",
        "rev": "766302be9063650ca6578e5ba09cc4260b0da29c",
        "type": "github"
      },
      "original": {
        "owner": "numtide",
        "repo": "blueprint",
        "type": "github"
      }
    },
    "blueprint_5": {
      "inputs": {
        "nixpkgs": [
          "dotfiles",
          "nix-pi-loader",
          "nixpkgs"
        ],
        "systems": "systems_7"
      },
      "locked": {
        "lastModified": 1742810182,
        "narHash": "sha256-K0VpsMJHQcIfOXoYW/IDa5HNhLp02XEfUt5fCjmRQBA=",
        "owner": "numtide",
        "repo": "blueprint",
        "rev": "5663edeaef8952926ce96d34a3c40d240717efcf",
        "type": "github"
      },
      "original": {
        "owner": "numtide",
        "repo": "blueprint",
        "type": "github"
      }
    },
    "brew-src": {
      "flake": false,
      "locked": {
        "lastModified": 1742457334,
        "narHash": "sha256-Gn7ruyb3NDFr+SsHBfA2NsJI8YkkWdECqLRj/xcjt+E=",
        "owner": "Homebrew",
        "repo": "brew",
        "rev": "f3bd91d3afe086824d24708230e1f0c7f943135a",
        "type": "github"
      },
      "original": {
        "owner": "Homebrew",
        "ref": "4.4.25",
        "repo": "brew",
        "type": "github"
      }
    },
    "darwin": {
      "inputs": {
        "nixpkgs": [
          "agenix",
          "nixpkgs"
        ]
      },
      "locked": {
        "lastModified": 1744478979,
        "narHash": "sha256-dyN+teG9G82G+m+PX/aSAagkC+vUv0SgUw3XkPhQodQ=",
        "owner": "lnl7",
        "repo": "nix-darwin",
        "rev": "43975d782b418ebf4969e9ccba82466728c2851b",
        "type": "github"
      },
      "original": {
        "owner": "lnl7",
        "ref": "master",
        "repo": "nix-darwin",
        "type": "github"
      }
    },
    "darwin_2": {
      "inputs": {
        "nixpkgs": [
          "dotfiles",
          "agenix",
          "nixpkgs"
        ]
      },
      "locked": {
        "lastModified": 1744478979,
        "narHash": "sha256-dyN+teG9G82G+m+PX/aSAagkC+vUv0SgUw3XkPhQodQ=",
        "owner": "lnl7",
        "repo": "nix-darwin",
        "rev": "43975d782b418ebf4969e9ccba82466728c2851b",
        "type": "github"
      },
      "original": {
        "owner": "lnl7",
        "ref": "master",
        "repo": "nix-darwin",
        "type": "github"
      }
    },
    "disko": {
      "inputs": {
        "nixpkgs": [
          "dotfiles",
          "nixpkgs"
        ]
      },
      "locked": {
        "lastModified": 1745502102,
        "narHash": "sha256-LqhRwzvIVPEjH0TaPgwzqpyhW6DtCrvz7FnUJDoUZh8=",
        "owner": "nix-community",
        "repo": "disko",
        "rev": "ca27b88c88948d96feeee9ed814cbd34f53d0d70",
        "type": "github"
      },
      "original": {
        "owner": "nix-community",
        "repo": "disko",
        "type": "github"
      }
    },
    "dotfiles": {
      "inputs": {
        "agenix": "agenix_2",
        "agenix-template": "agenix-template_2",
        "blueprint": "blueprint_2",
        "disko": "disko",
        "fusuma": "fusuma",
        "fusuma-plugin-appmatcher": "fusuma-plugin-appmatcher",
        "home-manager": "home-manager_3",
        "nix-pi-loader": "nix-pi-loader",
        "nix-pia-vpn": "nix-pia-vpn",
        "nix-vscode-extensions": "nix-vscode-extensions",
        "nixos-facter-modules": "nixos-facter-modules",
        "nixos-hardware": "nixos-hardware_2",
        "nixpkgs": [
          "nixpkgs"
        ],
        "systems": "systems_9",
        "vscode-server": "vscode-server"
      },
      "locked": {
        "lastModified": 1745782316,
        "narHash": "sha256-qcegW46CyW2xlqglAVKGOj6Q939FF337P+4nnkE6/vo=",
        "owner": "rcambrj",
        "repo": "dotfiles",
        "rev": "06c48ea883b5a229af5860eed9ab59a6960c1211",
        "type": "github"
      },
      "original": {
        "owner": "rcambrj",
        "repo": "dotfiles",
        "type": "github"
      }
    },
    "flake-compat": {
      "locked": {
        "lastModified": 1696426674,
        "narHash": "sha256-kvjfFW7WAETZlt09AgDn1MrtKzP7t90Vf7vypd3OL1U=",
        "rev": "0f9255e01c2351cc7d116c072cb317785dd33b33",
        "revCount": 57,
        "type": "tarball",
        "url": "https://api.flakehub.com/f/pinned/edolstra/flake-compat/1.0.1/018afb31-abd1-7bff-a5e4-cff7e18efb7a/source.tar.gz"
      },
      "original": {
        "type": "tarball",
        "url": "https://flakehub.com/f/edolstra/flake-compat/1.tar.gz"
      }
    },
    "flake-utils": {
      "inputs": {
        "systems": "systems_8"
      },
      "locked": {
        "lastModified": 1731533236,
        "narHash": "sha256-l0KFg5HjrsfsO/JpG+r7fRrqm12kzFHyUHqHCVpMMbI=",
        "owner": "numtide",
        "repo": "flake-utils",
        "rev": "11707dc2f618dd54ca8739b309ec4fc024de578b",
        "type": "github"
      },
      "original": {
        "owner": "numtide",
        "repo": "flake-utils",
        "type": "github"
      }
    },
    "flake-utils_2": {
      "inputs": {
        "systems": "systems_10"
      },
      "locked": {
        "lastModified": 1681202837,
        "narHash": "sha256-H+Rh19JDwRtpVPAWp64F+rlEtxUWBAQW28eAi3SRSzg=",
        "owner": "numtide",
        "repo": "flake-utils",
        "rev": "cfacdce06f30d2b68473a46042957675eebb3401",
        "type": "github"
      },
      "original": {
        "owner": "numtide",
        "repo": "flake-utils",
        "type": "github"
      }
    },
    "fusuma": {
      "inputs": {
        "blueprint": "blueprint_3",
        "nixpkgs": [
          "dotfiles",
          "nixpkgs"
        ]
      },
      "locked": {
        "lastModified": 1735836307,
        "narHash": "sha256-/d0klIoFoDbVz3dMQwrQJrn6jFSoouzxDqlEBHrmX5A=",
        "owner": "rcambrj",
        "repo": "fusuma",
        "rev": "3ffa39141cf8165f4ec2f6cbc89b866e25e1fb05",
        "type": "github"
      },
      "original": {
        "owner": "rcambrj",
        "repo": "fusuma",
        "type": "github"
      }
    },
    "fusuma-plugin-appmatcher": {
      "inputs": {
        "blueprint": "blueprint_4",
        "nixpkgs": [
          "dotfiles",
          "nixpkgs"
        ]
      },
      "locked": {
        "lastModified": 1735840154,
        "narHash": "sha256-LyPvJIaKuOoBt9kIs5yyDMLccv+XmlkiyeqxxoWS6nI=",
        "owner": "rcambrj",
        "repo": "fusuma-plugin-appmatcher",
        "rev": "749bc62d6635b1699439f75fc9df2c721b37d6dd",
        "type": "github"
      },
      "original": {
        "owner": "rcambrj",
        "repo": "fusuma-plugin-appmatcher",
        "type": "github"
      }
    },
    "home-manager": {
      "inputs": {
        "nixpkgs": [
          "agenix",
          "nixpkgs"
        ]
      },
      "locked": {
        "lastModified": 1745494811,
        "narHash": "sha256-YZCh2o9Ua1n9uCvrvi5pRxtuVNml8X2a03qIFfRKpFs=",
        "owner": "nix-community",
        "repo": "home-manager",
        "rev": "abfad3d2958c9e6300a883bd443512c55dfeb1be",
        "type": "github"
      },
      "original": {
        "owner": "nix-community",
        "repo": "home-manager",
        "type": "github"
      }
    },
    "home-manager_2": {
      "inputs": {
        "nixpkgs": [
          "dotfiles",
          "agenix",
          "nixpkgs"
        ]
      },
      "locked": {
        "lastModified": 1745494811,
        "narHash": "sha256-YZCh2o9Ua1n9uCvrvi5pRxtuVNml8X2a03qIFfRKpFs=",
        "owner": "nix-community",
        "repo": "home-manager",
        "rev": "abfad3d2958c9e6300a883bd443512c55dfeb1be",
        "type": "github"
      },
      "original": {
        "owner": "nix-community",
        "repo": "home-manager",
        "type": "github"
      }
    },
    "home-manager_3": {
      "inputs": {
        "nixpkgs": [
          "dotfiles",
          "nixpkgs"
        ]
      },
      "locked": {
        "lastModified": 1745771770,
        "narHash": "sha256-kC1yYNAO69i0Q9nnQFTxu5kdwcoHRE7x4jtJyIB5QSg=",
        "owner": "nix-community",
        "repo": "home-manager",
        "rev": "0fbd8207e913b2d1660a7662f9ae80e5e639de65",
        "type": "github"
      },
      "original": {
        "owner": "nix-community",
        "repo": "home-manager",
        "type": "github"
      }
    },
    "home-manager_4": {
      "inputs": {
        "nixpkgs": [
          "nixpkgs"
        ]
      },
      "locked": {
        "lastModified": 1745771770,
        "narHash": "sha256-kC1yYNAO69i0Q9nnQFTxu5kdwcoHRE7x4jtJyIB5QSg=",
        "owner": "nix-community",
        "repo": "home-manager",
        "rev": "0fbd8207e913b2d1660a7662f9ae80e5e639de65",
        "type": "github"
      },
      "original": {
        "owner": "nix-community",
        "repo": "home-manager",
        "type": "github"
      }
    },
    "homebrew-bundle": {
      "flake": false,
      "locked": {
        "lastModified": 1745335228,
        "narHash": "sha256-TIKR2UgtyUmHLNZp255/vLs+1I10hXe+sciMEbAGFwE=",
        "owner": "homebrew",
        "repo": "homebrew-bundle",
        "rev": "a3265c84b232e13048ecbf6fc18a2eedfadbeb08",
        "type": "github"
      },
      "original": {
        "owner": "homebrew",
        "repo": "homebrew-bundle",
        "type": "github"
      }
    },
    "homebrew-cask": {
      "flake": false,
      "locked": {
        "lastModified": 1745778080,
        "narHash": "sha256-1aR9aznsIP61KZFyarkViVy9Sh5FXo01Ve88M4XZioU=",
        "owner": "homebrew",
        "repo": "homebrew-cask",
        "rev": "83893d5666760bf9a66d2e40cf3fed1ed32265eb",
        "type": "github"
      },
      "original": {
        "owner": "homebrew",
        "repo": "homebrew-cask",
        "type": "github"
      }
    },
    "homebrew-core": {
      "flake": false,
      "locked": {
        "lastModified": 1745780130,
        "narHash": "sha256-CnDK0XrHeSYxjPG8xJmMJfqEa6JUTNc2SuTMRdeuaS8=",
        "owner": "homebrew",
        "repo": "homebrew-core",
        "rev": "d6855eb54b9b3b1ab5c45d5d93a408d5279af288",
        "type": "github"
      },
      "original": {
        "owner": "homebrew",
        "repo": "homebrew-core",
        "type": "github"
      }
    },
    "nix-darwin": {
      "inputs": {
        "nixpkgs": [
          "nixpkgs"
        ]
      },
      "locked": {
        "lastModified": 1744478979,
        "narHash": "sha256-dyN+teG9G82G+m+PX/aSAagkC+vUv0SgUw3XkPhQodQ=",
        "owner": "lnl7",
        "repo": "nix-darwin",
        "rev": "43975d782b418ebf4969e9ccba82466728c2851b",
        "type": "github"
      },
      "original": {
        "owner": "lnl7",
        "ref": "master",
        "repo": "nix-darwin",
        "type": "github"
      }
    },
    "nix-darwin_2": {
      "inputs": {
        "nixpkgs": "nixpkgs"
      },
      "locked": {
        "lastModified": 1716329735,
        "narHash": "sha256-ap51w+VqG21vuzyQ04WrhI2YbWHd3UGz0e7dc/QQmoA=",
        "owner": "LnL7",
        "repo": "nix-darwin",
        "rev": "eac4f25028c1975a939c8f8fba95c12f8a25e01c",
        "type": "github"
      },
      "original": {
        "owner": "LnL7",
        "repo": "nix-darwin",
        "type": "github"
      }
    },
    "nix-homebrew": {
      "inputs": {
        "brew-src": "brew-src",
        "nix-darwin": "nix-darwin_2",
        "nixpkgs": [
          "nixpkgs"
        ]
      },
      "locked": {
        "lastModified": 1744563914,
        "narHash": "sha256-0exTKCXDE/8G7gZQ9Gk3EcZBAL7lwzxhD7DtUBsnlGI=",
        "owner": "zhaofengli-wip",
        "repo": "nix-homebrew",
        "rev": "53507607d69c88efc816e806b8139607c7257285",
        "type": "github"
      },
      "original": {
        "owner": "zhaofengli-wip",
        "repo": "nix-homebrew",
        "type": "github"
      }
    },
    "nix-pi-loader": {
      "inputs": {
        "blueprint": "blueprint_5",
        "nixos-hardware": "nixos-hardware",
        "nixpkgs": [
          "dotfiles",
          "nixpkgs"
        ]
      },
      "locked": {
        "lastModified": 1743441282,
        "narHash": "sha256-7vWfVt55mDMQO0Qb7PPszpTP9MX8UsJSoEQUMNpiAws=",
        "owner": "rcambrj",
        "repo": "nix-pi-loader",
        "rev": "3c2e405091493bb54a7eb87bc4776db359ace472",
        "type": "github"
      },
      "original": {
        "owner": "rcambrj",
        "repo": "nix-pi-loader",
        "type": "github"
      }
    },
    "nix-pia-vpn": {
      "inputs": {
        "flake-compat": "flake-compat",
        "nixpkgs": [
          "dotfiles",
          "nixpkgs"
        ]
      },
      "locked": {
        "lastModified": 1731335737,
        "narHash": "sha256-7p0RsrFqwtgvWij8sNUK/LnuL1ERvH7/ck8Kok1sNuQ=",
        "owner": "rcambrj",
        "repo": "nix-pia-vpn",
        "rev": "3501db7fd6c538107a4f0c50fc54bff998923705",
        "type": "github"
      },
      "original": {
        "owner": "rcambrj",
        "repo": "nix-pia-vpn",
        "type": "github"
      }
    },
    "nix-vscode-extensions": {
      "inputs": {
        "flake-utils": "flake-utils",
        "nixpkgs": [
          "dotfiles",
          "nixpkgs"
        ]
      },
      "locked": {
        "lastModified": 1745719264,
        "narHash": "sha256-xYBggJ4x3RE064ihmgmt/k0O8fqdI45O4q1xp5uAick=",
        "owner": "nix-community",
        "repo": "nix-vscode-extensions",
        "rev": "da2903cd3b07be34ca9d7d3397b556281ec81f98",
        "type": "github"
      },
      "original": {
        "owner": "nix-community",
        "repo": "nix-vscode-extensions",
        "type": "github"
      }
    },
    "nixos-facter-modules": {
      "locked": {
        "lastModified": 1743671943,
        "narHash": "sha256-7sYig0+RcrR3sOL5M+2spbpFUHyEP7cnUvCaqFOBjyU=",
        "owner": "numtide",
        "repo": "nixos-facter-modules",
        "rev": "58ad9691670d293a15221d4a78818e0088d2e086",
        "type": "github"
      },
      "original": {
        "owner": "numtide",
        "repo": "nixos-facter-modules",
        "type": "github"
      }
    },
    "nixos-hardware": {
      "locked": {
        "lastModified": 1742806253,
        "narHash": "sha256-zvQ4GsCJT6MTOzPKLmlFyM+lxo0JGQ0cSFaZSACmWfY=",
        "owner": "NixOS",
        "repo": "nixos-hardware",
        "rev": "ecaa2d911e77c265c2a5bac8b583c40b0f151726",
        "type": "github"
      },
      "original": {
        "owner": "NixOS",
        "ref": "master",
        "repo": "nixos-hardware",
        "type": "github"
      }
    },
    "nixos-hardware_2": {
      "locked": {
        "lastModified": 1745503349,
        "narHash": "sha256-bUGjvaPVsOfQeTz9/rLTNLDyqbzhl0CQtJJlhFPhIYw=",
        "owner": "NixOS",
        "repo": "nixos-hardware",
        "rev": "f7bee55a5e551bd8e7b5b82c9bc559bc50d868d1",
        "type": "github"
      },
      "original": {
        "owner": "NixOS",
        "ref": "master",
        "repo": "nixos-hardware",
        "type": "github"
      }
    },
    "nixpkgs": {
      "locked": {
        "lastModified": 1687274257,
        "narHash": "sha256-TutzPriQcZ8FghDhEolnHcYU2oHIG5XWF+/SUBNnAOE=",
        "path": "/nix/store/22qgs3skscd9bmrxv9xv4q5d4wwm5ppx-source",
        "rev": "2c9ecd1f0400076a4d6b2193ad468ff0a7e7fdc5",
        "type": "path"
      },
      "original": {
        "id": "nixpkgs",
        "type": "indirect"
      }
    },
    "nixpkgs_2": {
      "inputs": {
        "nixpkgs": "nixpkgs_3"
      },
      "locked": {
        "lastModified": 1745677806,
        "narHash": "sha256-CnpPfb0kJUcR2on3nO3sweo4x+zD2wTvwXNzccyv2RY=",
        "owner": "numtide",
        "repo": "nixpkgs-unfree",
        "rev": "9faf5c83162f99b20720c63ac38bcb618b6143f3",
        "type": "github"
      },
      "original": {
        "owner": "numtide",
        "ref": "nixos-unstable",
        "repo": "nixpkgs-unfree",
        "type": "github"
      }
    },
    "nixpkgs_3": {
      "locked": {
        "lastModified": 1745526057,
        "narHash": "sha256-ITSpPDwvLBZBnPRS2bUcHY3gZSwis/uTe255QgMtTLA=",
        "owner": "NixOS",
        "repo": "nixpkgs",
        "rev": "f771eb401a46846c1aebd20552521b233dd7e18b",
        "type": "github"
      },
      "original": {
        "id": "nixpkgs",
        "type": "indirect"
      }
    },
    "root": {
      "inputs": {
        "agenix": "agenix",
        "agenix-template": "agenix-template",
        "blueprint": "blueprint",
        "dotfiles": "dotfiles",
        "home-manager": "home-manager_4",
        "homebrew-bundle": "homebrew-bundle",
        "homebrew-cask": "homebrew-cask",
        "homebrew-core": "homebrew-core",
        "nix-darwin": "nix-darwin",
        "nix-homebrew": "nix-homebrew",
        "nixpkgs": "nixpkgs_2",
        "systems": "systems_11"
      }
    },
    "systems": {
      "locked": {
        "lastModified": 1681028828,
        "narHash": "sha256-Vy1rq5AaRuLzOxct8nz4T6wlgyUR7zLU309k9mBC768=",
        "owner": "nix-systems",
        "repo": "default",
        "rev": "da67096a3b9bf56a91d16901293e51ba5b49a27e",
        "type": "github"
      },
      "original": {
        "owner": "nix-systems",
        "repo": "default",
        "type": "github"
      }
    },
    "systems_10": {
      "locked": {
        "lastModified": 1681028828,
        "narHash": "sha256-Vy1rq5AaRuLzOxct8nz4T6wlgyUR7zLU309k9mBC768=",
        "owner": "nix-systems",
        "repo": "default",
        "rev": "da67096a3b9bf56a91d16901293e51ba5b49a27e",
        "type": "github"
      },
      "original": {
        "owner": "nix-systems",
        "repo": "default",
        "type": "github"
      }
    },
    "systems_11": {
      "locked": {
        "lastModified": 1681028828,
        "narHash": "sha256-Vy1rq5AaRuLzOxct8nz4T6wlgyUR7zLU309k9mBC768=",
        "owner": "nix-systems",
        "repo": "default",
        "rev": "da67096a3b9bf56a91d16901293e51ba5b49a27e",
        "type": "github"
      },
      "original": {
        "owner": "nix-systems",
        "repo": "default",
        "type": "github"
      }
    },
    "systems_2": {
      "locked": {
        "lastModified": 1681028828,
        "narHash": "sha256-Vy1rq5AaRuLzOxct8nz4T6wlgyUR7zLU309k9mBC768=",
        "owner": "nix-systems",
        "repo": "default",
        "rev": "da67096a3b9bf56a91d16901293e51ba5b49a27e",
        "type": "github"
      },
      "original": {
        "owner": "nix-systems",
        "repo": "default",
        "type": "github"
      }
    },
    "systems_3": {
      "locked": {
        "lastModified": 1681028828,
        "narHash": "sha256-Vy1rq5AaRuLzOxct8nz4T6wlgyUR7zLU309k9mBC768=",
        "owner": "nix-systems",
        "repo": "default",
        "rev": "da67096a3b9bf56a91d16901293e51ba5b49a27e",
        "type": "github"
      },
      "original": {
        "owner": "nix-systems",
        "repo": "default",
        "type": "github"
      }
    },
    "systems_4": {
      "locked": {
        "lastModified": 1681028828,
        "narHash": "sha256-Vy1rq5AaRuLzOxct8nz4T6wlgyUR7zLU309k9mBC768=",
        "owner": "nix-systems",
        "repo": "default",
        "rev": "da67096a3b9bf56a91d16901293e51ba5b49a27e",
        "type": "github"
      },
      "original": {
        "owner": "nix-systems",
        "repo": "default",
        "type": "github"
      }
    },
    "systems_5": {
      "locked": {
        "lastModified": 1681028828,
        "narHash": "sha256-Vy1rq5AaRuLzOxct8nz4T6wlgyUR7zLU309k9mBC768=",
        "owner": "nix-systems",
        "repo": "default",
        "rev": "da67096a3b9bf56a91d16901293e51ba5b49a27e",
        "type": "github"
      },
      "original": {
        "owner": "nix-systems",
        "repo": "default",
        "type": "github"
      }
    },
    "systems_6": {
      "locked": {
        "lastModified": 1681028828,
        "narHash": "sha256-Vy1rq5AaRuLzOxct8nz4T6wlgyUR7zLU309k9mBC768=",
        "owner": "nix-systems",
        "repo": "default",
        "rev": "da67096a3b9bf56a91d16901293e51ba5b49a27e",
        "type": "github"
      },
      "original": {
        "owner": "nix-systems",
        "repo": "default",
        "type": "github"
      }
    },
    "systems_7": {
      "locked": {
        "lastModified": 1681028828,
        "narHash": "sha256-Vy1rq5AaRuLzOxct8nz4T6wlgyUR7zLU309k9mBC768=",
        "owner": "nix-systems",
        "repo": "default",
        "rev": "da67096a3b9bf56a91d16901293e51ba5b49a27e",
        "type": "github"
      },
      "original": {
        "owner": "nix-systems",
        "repo": "default",
        "type": "github"
      }
    },
    "systems_8": {
      "locked": {
        "lastModified": 1681028828,
        "narHash": "sha256-Vy1rq5AaRuLzOxct8nz4T6wlgyUR7zLU309k9mBC768=",
        "owner": "nix-systems",
        "repo": "default",
        "rev": "da67096a3b9bf56a91d16901293e51ba5b49a27e",
        "type": "github"
      },
      "original": {
        "owner": "nix-systems",
        "repo": "default",
        "type": "github"
      }
    },
    "systems_9": {
      "locked": {
        "lastModified": 1681028828,
        "narHash": "sha256-Vy1rq5AaRuLzOxct8nz4T6wlgyUR7zLU309k9mBC768=",
        "owner": "nix-systems",
        "repo": "default",
        "rev": "da67096a3b9bf56a91d16901293e51ba5b49a27e",
        "type": "github"
      },
      "original": {
        "owner": "nix-systems",
        "repo": "default",
        "type": "github"
      }
    },
    "vscode-server": {
      "inputs": {
        "flake-utils": "flake-utils_2",
        "nixpkgs": [
          "dotfiles",
          "nixpkgs"
        ]
      },
      "locked": {
        "lastModified": 1729422940,
        "narHash": "sha256-DlvJv33ml5UTKgu4b0HauOfFIoDx6QXtbqUF3vWeRCY=",
        "owner": "nix-community",
        "repo": "nixos-vscode-server",
        "rev": "8b6db451de46ecf9b4ab3d01ef76e59957ff549f",
        "type": "github"
      },
      "original": {
        "owner": "nix-community",
        "repo": "nixos-vscode-server",
        "type": "github"
      }
    }
  },
  "root": "root",
  "version": 7
}
